{
  "name": "leaderanalytics.web",
  "version": "1.0.0",
  "lockfileVersion": 1,
  "requires": true,
  "dependencies": {
    "jquery": {
      "version": "3.5.1",
      "resolved": "https://registry.npmjs.org/jquery/-/jquery-3.5.1.tgz",
      "integrity": "sha512-XwIBPqcMn57FxfT+Go5pzySnm4KWkT1Tv7gjrpT1srtf8Weynl6R273VJ5GjkRb51IzMp5nbaPjJXMWeju2MKg==",
      "dev": true
    },
    "metro-dist": {
      "version": "3.0.18",
      "resolved": "https://registry.npmjs.org/metro-dist/-/metro-dist-3.0.18.tgz",
      "integrity": "sha512-exROCvOLStFW5ZE1cvWZhJ8fm2PpX1cmah5NmfR5U+SKIgs1OW5dbI7DsEuCp+3HhPhJBw70RwSMXgG1Pm0dYA=="
    }
  }
}
